
Microsoft Visual Studio Solution File, Format Version 12.00
# Visual Studio Version 17
VisualStudioVersion = 17.3.32901.215
MinimumVisualStudioVersion = 10.0.40219.1
Project("{FAE04EC0-301F-11D3-BF4B-00C04F79EFBC}") = "TrafficLight", "TrafficLight.csproj", "{DA7CD9AB-3BE5-4BDA-A4F1-DEA7FE09D8D0}"
EndProject
Global
	GlobalSection(SolutionConfigurationPlatforms) = preSolution
		Debug|Any CPU = Debug|Any CPU
		Release|Any CPU = Release|Any CPU
	EndGlobalSection
	GlobalSection(ProjectConfigurationPlatforms) = postSolution
		{DA7CD9AB-3BE5-4BDA-A4F1-DEA7FE09D8D0}.Debug|Any CPU.ActiveCfg = Debug|Any CPU
		{DA7CD9AB-3BE5-4BDA-A4F1-DEA7FE09D8D0}.Debug|Any CPU.Build.0 = Debug|Any CPU
		{DA7CD9AB-3BE5-4BDA-A4F1-DEA7FE09D8D0}.Release|Any CPU.ActiveCfg = Release|Any CPU
		{DA7CD9AB-3BE5-4BDA-A4F1-DEA7FE09D8D0}.Release|Any CPU.Build.0 = Release|Any CPU
	EndGlobalSection
	GlobalSection(SolutionProperties) = preSolution
		HideSolutionNode = FALSE
	EndGlobalSection
	GlobalSection(ExtensibilityGlobals) = postSolution
		SolutionGuid = {F9C22891-9865-45C3-A20E-BF481158C5E3}
	EndGlobalSection
EndGlobal
